
Microsoft Visual Studio Solution File, Format Version 12.00
# Visual Studio Version 17
VisualStudioVersion = 17.14.36109.1 d17.14
MinimumVisualStudioVersion = 10.0.40219.1
Project("{FAE04EC0-301F-11D3-BF4B-00C04F79EFBC}") = "Day08 - Part 1", "Day08 - Part 1.csproj", "{24508320-9258-4F77-95F8-D6A9F17F1586}"
EndProject
Global
	GlobalSection(SolutionConfigurationPlatforms) = preSolution
		Debug|Any CPU = Debug|Any CPU
		Release|Any CPU = Release|Any CPU
	EndGlobalSection
	GlobalSection(ProjectConfigurationPlatforms) = postSolution
		{24508320-9258-4F77-95F8-D6A9F17F1586}.Debug|Any CPU.ActiveCfg = Debug|Any CPU
		{24508320-9258-4F77-95F8-D6A9F17F1586}.Debug|Any CPU.Build.0 = Debug|Any CPU
		{24508320-9258-4F77-95F8-D6A9F17F1586}.Release|Any CPU.ActiveCfg = Release|Any CPU
		{24508320-9258-4F77-95F8-D6A9F17F1586}.Release|Any CPU.Build.0 = Release|Any CPU
	EndGlobalSection
	GlobalSection(SolutionProperties) = preSolution
		HideSolutionNode = FALSE
	EndGlobalSection
	GlobalSection(ExtensibilityGlobals) = postSolution
		SolutionGuid = {92104F19-959B-46E3-B741-1C5426ABE137}
	EndGlobalSection
EndGlobal
