
Microsoft Visual Studio Solution File, Format Version 12.00
# Visual Studio Version 17
VisualStudioVersion = 17.14.36109.1 d17.14
MinimumVisualStudioVersion = 10.0.40219.1
Project("{FAE04EC0-301F-11D3-BF4B-00C04F79EFBC}") = "Day15 - Part 1", "Day15 - Part 1.csproj", "{852960E6-8F82-4C5E-B187-9D60FECB2E41}"
EndProject
Global
	GlobalSection(SolutionConfigurationPlatforms) = preSolution
		Debug|Any CPU = Debug|Any CPU
		Release|Any CPU = Release|Any CPU
	EndGlobalSection
	GlobalSection(ProjectConfigurationPlatforms) = postSolution
		{852960E6-8F82-4C5E-B187-9D60FECB2E41}.Debug|Any CPU.ActiveCfg = Debug|Any CPU
		{852960E6-8F82-4C5E-B187-9D60FECB2E41}.Debug|Any CPU.Build.0 = Debug|Any CPU
		{852960E6-8F82-4C5E-B187-9D60FECB2E41}.Release|Any CPU.ActiveCfg = Release|Any CPU
		{852960E6-8F82-4C5E-B187-9D60FECB2E41}.Release|Any CPU.Build.0 = Release|Any CPU
	EndGlobalSection
	GlobalSection(SolutionProperties) = preSolution
		HideSolutionNode = FALSE
	EndGlobalSection
	GlobalSection(ExtensibilityGlobals) = postSolution
		SolutionGuid = {9F91B989-5395-4902-95B8-EA7AECD64101}
	EndGlobalSection
EndGlobal
