
Microsoft Visual Studio Solution File, Format Version 12.00
# Visual Studio Version 17
VisualStudioVersion = 17.14.36109.1 d17.14
MinimumVisualStudioVersion = 10.0.40219.1
Project("{FAE04EC0-301F-11D3-BF4B-00C04F79EFBC}") = "Day05 - Part 2", "Day05 - Part 2.csproj", "{597B21C5-48F4-495F-8FFF-9CC43A0BD6DF}"
EndProject
Global
	GlobalSection(SolutionConfigurationPlatforms) = preSolution
		Debug|Any CPU = Debug|Any CPU
		Release|Any CPU = Release|Any CPU
	EndGlobalSection
	GlobalSection(ProjectConfigurationPlatforms) = postSolution
		{597B21C5-48F4-495F-8FFF-9CC43A0BD6DF}.Debug|Any CPU.ActiveCfg = Debug|Any CPU
		{597B21C5-48F4-495F-8FFF-9CC43A0BD6DF}.Debug|Any CPU.Build.0 = Debug|Any CPU
		{597B21C5-48F4-495F-8FFF-9CC43A0BD6DF}.Release|Any CPU.ActiveCfg = Release|Any CPU
		{597B21C5-48F4-495F-8FFF-9CC43A0BD6DF}.Release|Any CPU.Build.0 = Release|Any CPU
	EndGlobalSection
	GlobalSection(SolutionProperties) = preSolution
		HideSolutionNode = FALSE
	EndGlobalSection
	GlobalSection(ExtensibilityGlobals) = postSolution
		SolutionGuid = {57BFDA6B-A7E1-42FB-9A16-7B2C838E3911}
	EndGlobalSection
EndGlobal
