
Microsoft Visual Studio Solution File, Format Version 12.00
# Visual Studio Version 17
VisualStudioVersion = 17.14.36109.1 d17.14
MinimumVisualStudioVersion = 10.0.40219.1
Project("{FAE04EC0-301F-11D3-BF4B-00C04F79EFBC}") = "Day09 - Part 2", "Day09 - Part 2.csproj", "{07261212-3206-4CC7-8C30-C078AE50574D}"
EndProject
Global
	GlobalSection(SolutionConfigurationPlatforms) = preSolution
		Debug|Any CPU = Debug|Any CPU
		Release|Any CPU = Release|Any CPU
	EndGlobalSection
	GlobalSection(ProjectConfigurationPlatforms) = postSolution
		{07261212-3206-4CC7-8C30-C078AE50574D}.Debug|Any CPU.ActiveCfg = Debug|Any CPU
		{07261212-3206-4CC7-8C30-C078AE50574D}.Debug|Any CPU.Build.0 = Debug|Any CPU
		{07261212-3206-4CC7-8C30-C078AE50574D}.Release|Any CPU.ActiveCfg = Release|Any CPU
		{07261212-3206-4CC7-8C30-C078AE50574D}.Release|Any CPU.Build.0 = Release|Any CPU
	EndGlobalSection
	GlobalSection(SolutionProperties) = preSolution
		HideSolutionNode = FALSE
	EndGlobalSection
	GlobalSection(ExtensibilityGlobals) = postSolution
		SolutionGuid = {FED4F6DE-24C7-460C-84DA-37B5870FD217}
	EndGlobalSection
EndGlobal
