
Microsoft Visual Studio Solution File, Format Version 12.00
# Visual Studio Version 17
VisualStudioVersion = 17.14.36109.1 d17.14
MinimumVisualStudioVersion = 10.0.40219.1
Project("{FAE04EC0-301F-11D3-BF4B-00C04F79EFBC}") = "Day19 - Part 1", "Day19 - Part 1.csproj", "{3949C008-4B78-48B9-94CF-4251E12A0DA3}"
EndProject
Global
	GlobalSection(SolutionConfigurationPlatforms) = preSolution
		Debug|Any CPU = Debug|Any CPU
		Release|Any CPU = Release|Any CPU
	EndGlobalSection
	GlobalSection(ProjectConfigurationPlatforms) = postSolution
		{3949C008-4B78-48B9-94CF-4251E12A0DA3}.Debug|Any CPU.ActiveCfg = Debug|Any CPU
		{3949C008-4B78-48B9-94CF-4251E12A0DA3}.Debug|Any CPU.Build.0 = Debug|Any CPU
		{3949C008-4B78-48B9-94CF-4251E12A0DA3}.Release|Any CPU.ActiveCfg = Release|Any CPU
		{3949C008-4B78-48B9-94CF-4251E12A0DA3}.Release|Any CPU.Build.0 = Release|Any CPU
	EndGlobalSection
	GlobalSection(SolutionProperties) = preSolution
		HideSolutionNode = FALSE
	EndGlobalSection
	GlobalSection(ExtensibilityGlobals) = postSolution
		SolutionGuid = {47774C4D-1847-45CE-B416-F0D8F85043F7}
	EndGlobalSection
EndGlobal
