
Microsoft Visual Studio Solution File, Format Version 12.00
# Visual Studio Version 17
VisualStudioVersion = 17.14.36109.1 d17.14
MinimumVisualStudioVersion = 10.0.40219.1
Project("{FAE04EC0-301F-11D3-BF4B-00C04F79EFBC}") = "Day08 - Part 2", "Day08 - Part 2.csproj", "{FBB631A3-A417-4D80-A10C-87A49E547313}"
EndProject
Global
	GlobalSection(SolutionConfigurationPlatforms) = preSolution
		Debug|Any CPU = Debug|Any CPU
		Release|Any CPU = Release|Any CPU
	EndGlobalSection
	GlobalSection(ProjectConfigurationPlatforms) = postSolution
		{FBB631A3-A417-4D80-A10C-87A49E547313}.Debug|Any CPU.ActiveCfg = Debug|Any CPU
		{FBB631A3-A417-4D80-A10C-87A49E547313}.Debug|Any CPU.Build.0 = Debug|Any CPU
		{FBB631A3-A417-4D80-A10C-87A49E547313}.Release|Any CPU.ActiveCfg = Release|Any CPU
		{FBB631A3-A417-4D80-A10C-87A49E547313}.Release|Any CPU.Build.0 = Release|Any CPU
	EndGlobalSection
	GlobalSection(SolutionProperties) = preSolution
		HideSolutionNode = FALSE
	EndGlobalSection
	GlobalSection(ExtensibilityGlobals) = postSolution
		SolutionGuid = {B7724410-8CEF-477E-A02D-D01A24F58EFB}
	EndGlobalSection
EndGlobal
