
Microsoft Visual Studio Solution File, Format Version 12.00
# Visual Studio Version 17
VisualStudioVersion = 17.14.36109.1 d17.14
MinimumVisualStudioVersion = 10.0.40219.1
Project("{FAE04EC0-301F-11D3-BF4B-00C04F79EFBC}") = "Day01 - Part 1", "Day01 - Part 1.csproj", "{C7FD4398-B0E0-4025-A368-C6FEA01E317E}"
EndProject
Global
	GlobalSection(SolutionConfigurationPlatforms) = preSolution
		Debug|Any CPU = Debug|Any CPU
		Release|Any CPU = Release|Any CPU
	EndGlobalSection
	GlobalSection(ProjectConfigurationPlatforms) = postSolution
		{C7FD4398-B0E0-4025-A368-C6FEA01E317E}.Debug|Any CPU.ActiveCfg = Debug|Any CPU
		{C7FD4398-B0E0-4025-A368-C6FEA01E317E}.Debug|Any CPU.Build.0 = Debug|Any CPU
		{C7FD4398-B0E0-4025-A368-C6FEA01E317E}.Release|Any CPU.ActiveCfg = Release|Any CPU
		{C7FD4398-B0E0-4025-A368-C6FEA01E317E}.Release|Any CPU.Build.0 = Release|Any CPU
	EndGlobalSection
	GlobalSection(SolutionProperties) = preSolution
		HideSolutionNode = FALSE
	EndGlobalSection
	GlobalSection(ExtensibilityGlobals) = postSolution
		SolutionGuid = {59B79E1E-0A49-4ADD-B9DA-065584D7C53C}
	EndGlobalSection
EndGlobal
